# THIS IS AN AUTOGENERATED FILE. DO NOT EDIT THIS FILE DIRECTLY.
# yarn lockfile v1


"@babel/runtime@^7.7.2":
  version "7.12.1"
  resolved "https://registry.yarnpkg.com/@babel/runtime/-/runtime-7.12.1.tgz#b4116a6b6711d010b2dad3b7b6e43bf1b9954740"
  dependencies:
    regenerator-runtime "^0.13.4"

"@jimp/bmp@^0.16.1":
  version "0.16.1"
  resolved "https://registry.yarnpkg.com/@jimp/bmp/-/bmp-0.16.1.tgz#6e2da655b2ba22e721df0795423f34e92ef13768"
  dependencies:
    "@babel/runtime" "^7.7.2"
    "@jimp/utils" "^0.16.1"
    bmp-js "^0.1.0"

"@jimp/core@^0.16.1":
  version "0.16.1"
  resolved "https://registry.yarnpkg.com/@jimp/core/-/core-0.16.1.tgz#68c4288f6ef7f31a0f6b859ba3fb28dae930d39d"
  dependencies:
    "@babel/runtime" "^7.7.2"
    "@jimp/utils" "^0.16.1"
    any-base "^1.1.0"
    buffer "^5.2.0"
    exif-parser "^0.1.12"
    file-type "^9.0.0"
    load-bmfont "^1.3.1"
    mkdirp "^0.5.1"
    phin "^2.9.1"
    pixelmatch "^4.0.2"
    tinycolor2 "^1.4.1"

"@jimp/custom@^0.16.1":
  version "0.16.1"
  resolved "https://registry.yarnpkg.com/@jimp/custom/-/custom-0.16.1.tgz#28b659c59e20a1d75a0c46067bd3f4bd302cf9c5"
  dependencies:
    "@babel/runtime" "^7.7.2"
    "@jimp/core" "^0.16.1"

"@jimp/gif@^0.16.1":
  version "0.16.1"
  resolved "https://registry.yarnpkg.com/@jimp/gif/-/gif-0.16.1.tgz#d1f7c3a58f4666482750933af8b8f4666414f3ca"
  dependencies:
    "@babel/runtime" "^7.7.2"
    "@jimp/utils" "^0.16.1"
    gifwrap "^0.9.2"
    omggif "^1.0.9"

"@jimp/jpeg@^0.16.1":
  version "0.16.1"
  resolved "https://registry.yarnpkg.com/@jimp/jpeg/-/jpeg-0.16.1.tgz#3b7bb08a4173f2f6d81f3049b251df3ee2ac8175"
  dependencies:
    "@babel/runtime" "^7.7.2"
    "@jimp/utils" "^0.16.1"
    jpeg-js "0.4.2"

"@jimp/plugin-blit@^0.16.1":
  version "0.16.1"
  resolved "https://registry.yarnpkg.com/@jimp/plugin-blit/-/plugin-blit-0.16.1.tgz#09ea919f9d326de3b9c2826fe4155da37dde8edb"
  dependencies:
    "@babel/runtime" "^7.7.2"
    "@jimp/utils" "^0.16.1"

"@jimp/plugin-blur@^0.16.1":
  version "0.16.1"
  resolved "https://registry.yarnpkg.com/@jimp/plugin-blur/-/plugin-blur-0.16.1.tgz#e614fa002797dcd662e705d4cea376e7db968bf5"
  dependencies:
    "@babel/runtime" "^7.7.2"
    "@jimp/utils" "^0.16.1"

"@jimp/plugin-circle@^0.16.1":
  version "0.16.1"
  resolved "https://registry.yarnpkg.com/@jimp/plugin-circle/-/plugin-circle-0.16.1.tgz#20e3194a67ca29740aba2630fd4d0a89afa27491"
  dependencies:
    "@babel/runtime" "^7.7.2"
    "@jimp/utils" "^0.16.1"

"@jimp/plugin-color@^0.16.1":
  version "0.16.1"
  resolved "https://registry.yarnpkg.com/@jimp/plugin-color/-/plugin-color-0.16.1.tgz#0f298ba74dee818b663834cd80d53e56f3755233"
  dependencies:
    "@babel/runtime" "^7.7.2"
    "@jimp/utils" "^0.16.1"
    tinycolor2 "^1.4.1"

"@jimp/plugin-contain@^0.16.1":
  version "0.16.1"
  resolved "https://registry.yarnpkg.com/@jimp/plugin-contain/-/plugin-contain-0.16.1.tgz#3c5f5c495fd9bb08a970739d83694934f58123f2"
  dependencies:
    "@babel/runtime" "^7.7.2"
    "@jimp/utils" "^0.16.1"

"@jimp/plugin-cover@^0.16.1":
  version "0.16.1"
  resolved "https://registry.yarnpkg.com/@jimp/plugin-cover/-/plugin-cover-0.16.1.tgz#0e8caec16a40abe15b1b32e5383a603a3306dc41"
  dependencies:
    "@babel/runtime" "^7.7.2"
    "@jimp/utils" "^0.16.1"

"@jimp/plugin-crop@^0.16.1":
  version "0.16.1"
  resolved "https://registry.yarnpkg.com/@jimp/plugin-crop/-/plugin-crop-0.16.1.tgz#b362497c873043fe47ba881ab08604bf7226f50f"
  dependencies:
    "@babel/runtime" "^7.7.2"
    "@jimp/utils" "^0.16.1"

"@jimp/plugin-displace@^0.16.1":
  version "0.16.1"
  resolved "https://registry.yarnpkg.com/@jimp/plugin-displace/-/plugin-displace-0.16.1.tgz#4dd9db518c3e78de9d723f86a234bf98922afe8d"
  dependencies:
    "@babel/runtime" "^7.7.2"
    "@jimp/utils" "^0.16.1"

"@jimp/plugin-dither@^0.16.1":
  version "0.16.1"
  resolved "https://registry.yarnpkg.com/@jimp/plugin-dither/-/plugin-dither-0.16.1.tgz#b47de2c0bb09608bed228b41c3cd01a85ec2d45b"
  dependencies:
    "@babel/runtime" "^7.7.2"
    "@jimp/utils" "^0.16.1"

"@jimp/plugin-fisheye@^0.16.1":
  version "0.16.1"
  resolved "https://registry.yarnpkg.com/@jimp/plugin-fisheye/-/plugin-fisheye-0.16.1.tgz#f625047b6cdbe1b83b89e9030fd025ab19cdb1a4"
  dependencies:
    "@babel/runtime" "^7.7.2"
    "@jimp/utils" "^0.16.1"

"@jimp/plugin-flip@^0.16.1":
  version "0.16.1"
  resolved "https://registry.yarnpkg.com/@jimp/plugin-flip/-/plugin-flip-0.16.1.tgz#7a99ea22bde802641017ed0f2615870c144329bb"
  dependencies:
    "@babel/runtime" "^7.7.2"
    "@jimp/utils" "^0.16.1"

"@jimp/plugin-gaussian@^0.16.1":
  version "0.16.1"
  resolved "https://registry.yarnpkg.com/@jimp/plugin-gaussian/-/plugin-gaussian-0.16.1.tgz#0845e314085ccd52e34fad9a83949bc0d81a68e8"
  dependencies:
    "@babel/runtime" "^7.7.2"
    "@jimp/utils" "^0.16.1"

"@jimp/plugin-invert@^0.16.1":
  version "0.16.1"
  resolved "https://registry.yarnpkg.com/@jimp/plugin-invert/-/plugin-invert-0.16.1.tgz#7e6f5a15707256f3778d06921675bbcf18545c97"
  dependencies:
    "@babel/runtime" "^7.7.2"
    "@jimp/utils" "^0.16.1"

"@jimp/plugin-mask@^0.16.1":
  version "0.16.1"
  resolved "https://registry.yarnpkg.com/@jimp/plugin-mask/-/plugin-mask-0.16.1.tgz#e7f2460e05c3cda7af5e76f33ccb0579f66f90df"
  dependencies:
    "@babel/runtime" "^7.7.2"
    "@jimp/utils" "^0.16.1"

"@jimp/plugin-normalize@^0.16.1":
  version "0.16.1"
  resolved "https://registry.yarnpkg.com/@jimp/plugin-normalize/-/plugin-normalize-0.16.1.tgz#032dfd88eefbc4dedc8b1b2d243832e4f3af30c8"
  dependencies:
    "@babel/runtime" "^7.7.2"
    "@jimp/utils" "^0.16.1"

"@jimp/plugin-print@^0.16.1":
  version "0.16.1"
  resolved "https://registry.yarnpkg.com/@jimp/plugin-print/-/plugin-print-0.16.1.tgz#66b803563f9d109825970714466e6ab9ae639ff6"
  dependencies:
    "@babel/runtime" "^7.7.2"
    "@jimp/utils" "^0.16.1"
    load-bmfont "^1.4.0"

"@jimp/plugin-resize@^0.16.1":
  version "0.16.1"
  resolved "https://registry.yarnpkg.com/@jimp/plugin-resize/-/plugin-resize-0.16.1.tgz#65e39d848ed13ba2d6c6faf81d5d590396571d10"
  dependencies:
    "@babel/runtime" "^7.7.2"
    "@jimp/utils" "^0.16.1"

"@jimp/plugin-rotate@^0.16.1":
  version "0.16.1"
  resolved "https://registry.yarnpkg.com/@jimp/plugin-rotate/-/plugin-rotate-0.16.1.tgz#53fb5d51a4b3d05af9c91c2a8fffe5d7a1a47c8c"
  dependencies:
    "@babel/runtime" "^7.7.2"
    "@jimp/utils" "^0.16.1"

"@jimp/plugin-scale@^0.16.1":
  version "0.16.1"
  resolved "https://registry.yarnpkg.com/@jimp/plugin-scale/-/plugin-scale-0.16.1.tgz#89f6ba59feed3429847ed226aebda33a240cc647"
  dependencies:
    "@babel/runtime" "^7.7.2"
    "@jimp/utils" "^0.16.1"

"@jimp/plugin-shadow@^0.16.1":
  version "0.16.1"
  resolved "https://registry.yarnpkg.com/@jimp/plugin-shadow/-/plugin-shadow-0.16.1.tgz#a7af892a740febf41211e10a5467c3c5c521a04c"
  dependencies:
    "@babel/runtime" "^7.7.2"
    "@jimp/utils" "^0.16.1"

"@jimp/plugin-threshold@^0.16.1":
  version "0.16.1"
  resolved "https://registry.yarnpkg.com/@jimp/plugin-threshold/-/plugin-threshold-0.16.1.tgz#34f3078f9965145b7ae26c53a32ad74b1195bbf5"
  dependencies:
    "@babel/runtime" "^7.7.2"
    "@jimp/utils" "^0.16.1"

"@jimp/plugins@^0.16.1":
  version "0.16.1"
  resolved "https://registry.yarnpkg.com/@jimp/plugins/-/plugins-0.16.1.tgz#9f08544c97226d6460a16ced79f57e85bec3257b"
  dependencies:
    "@babel/runtime" "^7.7.2"
    "@jimp/plugin-blit" "^0.16.1"
    "@jimp/plugin-blur" "^0.16.1"
    "@jimp/plugin-circle" "^0.16.1"
    "@jimp/plugin-color" "^0.16.1"
    "@jimp/plugin-contain" "^0.16.1"
    "@jimp/plugin-cover" "^0.16.1"
    "@jimp/plugin-crop" "^0.16.1"
    "@jimp/plugin-displace" "^0.16.1"
    "@jimp/plugin-dither" "^0.16.1"
    "@jimp/plugin-fisheye" "^0.16.1"
    "@jimp/plugin-flip" "^0.16.1"
    "@jimp/plugin-gaussian" "^0.16.1"
    "@jimp/plugin-invert" "^0.16.1"
    "@jimp/plugin-mask" "^0.16.1"
    "@jimp/plugin-normalize" "^0.16.1"
    "@jimp/plugin-print" "^0.16.1"
    "@jimp/plugin-resize" "^0.16.1"
    "@jimp/plugin-rotate" "^0.16.1"
    "@jimp/plugin-scale" "^0.16.1"
    "@jimp/plugin-shadow" "^0.16.1"
    "@jimp/plugin-threshold" "^0.16.1"
    timm "^1.6.1"

"@jimp/png@^0.16.1":
  version "0.16.1"
  resolved "https://registry.yarnpkg.com/@jimp/png/-/png-0.16.1.tgz#f24cfc31529900b13a2dd9d4fdb4460c1e4d814e"
  dependencies:
    "@babel/runtime" "^7.7.2"
    "@jimp/utils" "^0.16.1"
    pngjs "^3.3.3"

"@jimp/tiff@^0.16.1":
  version "0.16.1"
  resolved "https://registry.yarnpkg.com/@jimp/tiff/-/tiff-0.16.1.tgz#0e8756695687d7574b6bc73efab0acd4260b7a12"
  dependencies:
    "@babel/runtime" "^7.7.2"
    utif "^2.0.1"

"@jimp/types@^0.16.1":
  version "0.16.1"
  resolved "https://registry.yarnpkg.com/@jimp/types/-/types-0.16.1.tgz#0dbab37b3202315c91010f16c31766d35a2322cc"
  dependencies:
    "@babel/runtime" "^7.7.2"
    "@jimp/bmp" "^0.16.1"
    "@jimp/gif" "^0.16.1"
    "@jimp/jpeg" "^0.16.1"
    "@jimp/png" "^0.16.1"
    "@jimp/tiff" "^0.16.1"
    timm "^1.6.1"

"@jimp/utils@^0.16.1":
  version "0.16.1"
  resolved "https://registry.yarnpkg.com/@jimp/utils/-/utils-0.16.1.tgz#2f51e6f14ff8307c4aa83d5e1a277da14a9fe3f7"
  dependencies:
    "@babel/runtime" "^7.7.2"
    regenerator-runtime "^0.13.3"

"@types/babel-types@*", "@types/babel-types@^7.0.0":
  version "7.0.4"
  resolved "https://registry.yarnpkg.com/@types/babel-types/-/babel-types-7.0.4.tgz#bfd5b0d0d1ba13e351dff65b6e52783b816826c8"

"@types/babylon@^6.16.2":
  version "6.16.3"
  resolved "https://registry.yarnpkg.com/@types/babylon/-/babylon-6.16.3.tgz#c2937813a89fcb5e79a00062fc4a8b143e7237bb"
  dependencies:
    "@types/babel-types" "*"

acorn-globals@^3.0.0:
  version "3.1.0"
  resolved "https://registry.yarnpkg.com/acorn-globals/-/acorn-globals-3.1.0.tgz#fd8270f71fbb4996b004fa880ee5d46573a731bf"
  dependencies:
    acorn "^4.0.4"

acorn@^3.1.0:
  version "3.3.0"
  resolved "https://registry.yarnpkg.com/acorn/-/acorn-3.3.0.tgz#45e37fb39e8da3f25baee3ff5369e2bb5f22017a"

acorn@^4.0.4, acorn@~4.0.2:
  version "4.0.13"
  resolved "https://registry.yarnpkg.com/acorn/-/acorn-4.0.13.tgz#105495ae5361d697bd195c825192e1ad7f253787"

align-text@^0.1.1, align-text@^0.1.3:
  version "0.1.4"
  resolved "https://registry.yarnpkg.com/align-text/-/align-text-0.1.4.tgz#0cd90a561093f35d0a99256c22b7069433fad117"
  dependencies:
    kind-of "^3.0.2"
    longest "^1.0.1"
    repeat-string "^1.5.2"

any-base@^1.1.0:
  version "1.1.0"
  resolved "https://registry.yarnpkg.com/any-base/-/any-base-1.1.0.tgz#ae101a62bc08a597b4c9ab5b7089d456630549fe"

array-parallel@~0.1.3:
  version "0.1.3"
  resolved "https://registry.yarnpkg.com/array-parallel/-/array-parallel-0.1.3.tgz#8f785308926ed5aa478c47e64d1b334b6c0c947d"

array-series@~0.1.5:
  version "0.1.5"
  resolved "https://registry.yarnpkg.com/array-series/-/array-series-0.1.5.tgz#df5d37bfc5c2ef0755e2aa4f92feae7d4b5a972f"

asap@~2.0.3:
  version "2.0.6"
  resolved "https://registry.yarnpkg.com/asap/-/asap-2.0.6.tgz#e50347611d7e690943208bbdafebcbc2fb866d46"

babel-runtime@^6.26.0:
  version "6.26.0"
  resolved "https://registry.yarnpkg.com/babel-runtime/-/babel-runtime-6.26.0.tgz#965c7058668e82b55d7bfe04ff2337bc8b5647fe"
  dependencies:
    core-js "^2.4.0"
    regenerator-runtime "^0.11.0"

babel-types@^6.26.0:
  version "6.26.0"
  resolved "https://registry.yarnpkg.com/babel-types/-/babel-types-6.26.0.tgz#a3b073f94ab49eb6fa55cd65227a334380632497"
  dependencies:
    babel-runtime "^6.26.0"
    esutils "^2.0.2"
    lodash "^4.17.4"
    to-fast-properties "^1.0.3"

babylon@^6.18.0:
  version "6.18.0"
  resolved "https://registry.yarnpkg.com/babylon/-/babylon-6.18.0.tgz#af2f3b88fa6f5c1e4c634d1a0f8eac4f55b395e3"

balanced-match@^1.0.0:
  version "1.0.0"
  resolved "https://registry.yarnpkg.com/balanced-match/-/balanced-match-1.0.0.tgz#89b4d199ab2bee49de164ea02b89ce462d71b767"

base64-js@^1.3.1:
  version "1.3.1"
  resolved "https://registry.yarnpkg.com/base64-js/-/base64-js-1.3.1.tgz#58ece8cb75dd07e71ed08c736abc5fac4dbf8df1"

bmp-js@^0.1.0:
  version "0.1.0"
  resolved "https://registry.yarnpkg.com/bmp-js/-/bmp-js-0.1.0.tgz#e05a63f796a6c1ff25f4771ec7adadc148c07233"

brace-expansion@^1.1.7:
  version "1.1.11"
  resolved "https://registry.yarnpkg.com/brace-expansion/-/brace-expansion-1.1.11.tgz#3c7fcbf529d87226f3d2f52b966ff5271eb441dd"
  dependencies:
    balanced-match "^1.0.0"
    concat-map "0.0.1"

buffer-equal@0.0.1:
  version "0.0.1"
  resolved "https://registry.yarnpkg.com/buffer-equal/-/buffer-equal-0.0.1.tgz#91bc74b11ea405bc916bc6aa908faafa5b4aac4b"

buffer@^5.2.0:
  version "5.7.0"
  resolved "https://registry.yarnpkg.com/buffer/-/buffer-5.7.0.tgz#88afbd29fc89fa7b58e82b39206f31f2cf34feed"
  dependencies:
    base64-js "^1.3.1"
    ieee754 "^1.1.13"

camelcase@^1.0.2:
  version "1.2.1"
  resolved "https://registry.yarnpkg.com/camelcase/-/camelcase-1.2.1.tgz#9bb5304d2e0b56698b2c758b08a3eaa9daa58a39"

center-align@^0.1.1:
  version "0.1.3"
  resolved "https://registry.yarnpkg.com/center-align/-/center-align-0.1.3.tgz#aa0d32629b6ee972200411cbd4461c907bc2b7ad"
  dependencies:
    align-text "^0.1.3"
    lazy-cache "^1.0.3"

character-parser@^2.1.1:
  version "2.2.0"
  resolved "https://registry.yarnpkg.com/character-parser/-/character-parser-2.2.0.tgz#c7ce28f36d4bcd9744e5ffc2c5fcde1c73261fc0"
  dependencies:
    is-regex "^1.0.3"

clean-css@^4.1.11:
  version "4.1.11"
  resolved "https://registry.yarnpkg.com/clean-css/-/clean-css-4.1.11.tgz#2ecdf145aba38f54740f26cefd0ff3e03e125d6a"
  dependencies:
    source-map "0.5.x"

cliui@^2.1.0:
  version "2.1.0"
  resolved "https://registry.yarnpkg.com/cliui/-/cliui-2.1.0.tgz#4b475760ff80264c762c3a1719032e91c7fea0d1"
  dependencies:
    center-align "^0.1.1"
    right-align "^0.1.1"
    wordwrap "0.0.2"

colors@^1.4.0:
  version "1.4.0"
  resolved "https://registry.yarnpkg.com/colors/-/colors-1.4.0.tgz#c50491479d4c1bdaed2c9ced32cf7c7dc2360f78"

concat-map@0.0.1:
  version "0.0.1"
  resolved "https://registry.yarnpkg.com/concat-map/-/concat-map-0.0.1.tgz#d8a96bd77fd68df7793a73036a3ba0d5405d477b"

constantinople@^3.0.1, constantinople@^3.1.2:
  version "3.1.2"
  resolved "https://registry.yarnpkg.com/constantinople/-/constantinople-3.1.2.tgz#d45ed724f57d3d10500017a7d3a889c1381ae647"
  dependencies:
    "@types/babel-types" "^7.0.0"
    "@types/babylon" "^6.16.2"
    babel-types "^6.26.0"
    babylon "^6.18.0"

core-js@^2.4.0:
  version "2.5.7"
  resolved "https://registry.yarnpkg.com/core-js/-/core-js-2.5.7.tgz#f972608ff0cead68b841a16a932d0b183791814e"

cross-spawn@^4.0.0:
  version "4.0.2"
  resolved "https://registry.yarnpkg.com/cross-spawn/-/cross-spawn-4.0.2.tgz#7b9247621c23adfdd3856004a823cbe397424d41"
  dependencies:
    lru-cache "^4.0.1"
    which "^1.2.9"

debug@^3.1.0:
  version "3.1.0"
  resolved "https://registry.yarnpkg.com/debug/-/debug-3.1.0.tgz#5bb5a0672628b64149566ba16819e61518c67261"
  dependencies:
    ms "2.0.0"

decamelize@^1.0.0:
  version "1.2.0"
  resolved "https://registry.yarnpkg.com/decamelize/-/decamelize-1.2.0.tgz#f6534d15148269b20352e7bee26f501f9a191290"

doctypes@^1.1.0:
  version "1.1.0"
  resolved "https://registry.yarnpkg.com/doctypes/-/doctypes-1.1.0.tgz#ea80b106a87538774e8a3a4a5afe293de489e0a9"

dom-walk@^0.1.0:
  version "0.1.2"
  resolved "https://registry.yarnpkg.com/dom-walk/-/dom-walk-0.1.2.tgz#0c548bef048f4d1f2a97249002236060daa3fd84"

esutils@^2.0.2:
  version "2.0.2"
  resolved "https://registry.yarnpkg.com/esutils/-/esutils-2.0.2.tgz#0abf4f1caa5bcb1f7a9d8acc6dea4faaa04bac9b"

exif-parser@^0.1.12:
  version "0.1.12"
  resolved "https://registry.yarnpkg.com/exif-parser/-/exif-parser-0.1.12.tgz#58a9d2d72c02c1f6f02a0ef4a9166272b7760922"

file-type@^9.0.0:
  version "9.0.0"
  resolved "https://registry.yarnpkg.com/file-type/-/file-type-9.0.0.tgz#a68d5ad07f486414dfb2c8866f73161946714a18"

fs.realpath@^1.0.0:
  version "1.0.0"
  resolved "https://registry.yarnpkg.com/fs.realpath/-/fs.realpath-1.0.0.tgz#1504ad2523158caa40db4a2787cb01411994ea4f"

function-bind@^1.1.1:
  version "1.1.1"
  resolved "https://registry.yarnpkg.com/function-bind/-/function-bind-1.1.1.tgz#a56899d3ea3c9bab874bb9773b7c5ede92f4895d"

gifwrap@^0.9.2:
  version "0.9.2"
  resolved "https://registry.yarnpkg.com/gifwrap/-/gifwrap-0.9.2.tgz#348e286e67d7cf57942172e1e6f05a71cee78489"
  dependencies:
    image-q "^1.1.1"
    omggif "^1.0.10"

glob@^7.1.6:
  version "7.1.6"
  resolved "https://registry.yarnpkg.com/glob/-/glob-7.1.6.tgz#141f33b81a7c2492e125594307480c46679278a6"
  dependencies:
    fs.realpath "^1.0.0"
    inflight "^1.0.4"
    inherits "2"
    minimatch "^3.0.4"
    once "^1.3.0"
    path-is-absolute "^1.0.0"

global@~4.3.0:
  version "4.3.2"
  resolved "https://registry.yarnpkg.com/global/-/global-4.3.2.tgz#e76989268a6c74c38908b1305b10fc0e394e9d0f"
  dependencies:
    min-document "^2.19.0"
    process "~0.5.1"

gm@^1.23.1:
  version "1.23.1"
  resolved "https://registry.yarnpkg.com/gm/-/gm-1.23.1.tgz#2edeeb958084d0f8ea7988e5d995b1c7dfc14777"
  dependencies:
    array-parallel "~0.1.3"
    array-series "~0.1.5"
    cross-spawn "^4.0.0"
    debug "^3.1.0"

has@^1.0.1:
  version "1.0.3"
  resolved "https://registry.yarnpkg.com/has/-/has-1.0.3.tgz#722d7cbfc1f6aa8241f16dd814e011e1f41e8796"
  dependencies:
    function-bind "^1.1.1"

ieee754@^1.1.13:
  version "1.2.1"
  resolved "https://registry.yarnpkg.com/ieee754/-/ieee754-1.2.1.tgz#8eb7a10a63fff25d15a57b001586d177d1b0d352"

image-q@^1.1.1:
  version "1.1.1"
  resolved "https://registry.yarnpkg.com/image-q/-/image-q-1.1.1.tgz#fc84099664460b90ca862d9300b6bfbbbfbf8056"

inflight@^1.0.4:
  version "1.0.6"
  resolved "https://registry.yarnpkg.com/inflight/-/inflight-1.0.6.tgz#49bd6331d7d02d0c09bc910a1075ba8165b56df9"
  dependencies:
    once "^1.3.0"
    wrappy "1"

inherits@2:
  version "2.0.4"
  resolved "https://registry.yarnpkg.com/inherits/-/inherits-2.0.4.tgz#0fa2c64f932917c3433a0ded55363aae37416b7c"

is-buffer@^1.1.5:
  version "1.1.6"
  resolved "https://registry.yarnpkg.com/is-buffer/-/is-buffer-1.1.6.tgz#efaa2ea9daa0d7ab2ea13a97b2b8ad51fefbe8be"

is-expression@^3.0.0:
  version "3.0.0"
  resolved "https://registry.yarnpkg.com/is-expression/-/is-expression-3.0.0.tgz#39acaa6be7fd1f3471dc42c7416e61c24317ac9f"
  dependencies:
    acorn "~4.0.2"
    object-assign "^4.0.1"

is-function@^1.0.1:
  version "1.0.2"
  resolved "https://registry.yarnpkg.com/is-function/-/is-function-1.0.2.tgz#4f097f30abf6efadac9833b17ca5dc03f8144e08"

is-promise@^2.0.0:
  version "2.1.0"
  resolved "https://registry.yarnpkg.com/is-promise/-/is-promise-2.1.0.tgz#79a2a9ece7f096e80f36d2b2f3bc16c1ff4bf3fa"

is-regex@^1.0.3:
  version "1.0.4"
  resolved "https://registry.yarnpkg.com/is-regex/-/is-regex-1.0.4.tgz#5517489b547091b0930e095654ced25ee97e9491"
  dependencies:
    has "^1.0.1"

isexe@^2.0.0:
  version "2.0.0"
  resolved "https://registry.yarnpkg.com/isexe/-/isexe-2.0.0.tgz#e8fbf374dc556ff8947a10dcb0572d633f2cfa10"

jimp@^0.16.1:
  version "0.16.1"
  resolved "https://registry.yarnpkg.com/jimp/-/jimp-0.16.1.tgz#192f851a30e5ca11112a3d0aa53137659a78ca7a"
  dependencies:
    "@babel/runtime" "^7.7.2"
    "@jimp/custom" "^0.16.1"
    "@jimp/plugins" "^0.16.1"
    "@jimp/types" "^0.16.1"
    regenerator-runtime "^0.13.3"

jpeg-autorotate@^7.1.1:
  version "7.1.1"
  resolved "https://registry.yarnpkg.com/jpeg-autorotate/-/jpeg-autorotate-7.1.1.tgz#c57905c6afd3b54373a6a1d0249ed6e07f7b043b"
  dependencies:
    colors "^1.4.0"
    glob "^7.1.6"
    jpeg-js "^0.4.2"
    piexifjs "^1.0.6"
    yargs-parser "^20.2.1"

jpeg-js@0.4.2, jpeg-js@^0.4.2:
  version "0.4.2"
  resolved "https://registry.yarnpkg.com/jpeg-js/-/jpeg-js-0.4.2.tgz#8b345b1ae4abde64c2da2fe67ea216a114ac279d"

js-stringify@^1.0.1:
  version "1.0.2"
  resolved "https://registry.yarnpkg.com/js-stringify/-/js-stringify-1.0.2.tgz#1736fddfd9724f28a3682adc6230ae7e4e9679db"

jstransformer@1.0.0:
  version "1.0.0"
  resolved "https://registry.yarnpkg.com/jstransformer/-/jstransformer-1.0.0.tgz#ed8bf0921e2f3f1ed4d5c1a44f68709ed24722c3"
  dependencies:
    is-promise "^2.0.0"
    promise "^7.0.1"

kind-of@^3.0.2:
  version "3.2.2"
  resolved "https://registry.yarnpkg.com/kind-of/-/kind-of-3.2.2.tgz#31ea21a734bab9bbb0f32466d893aea51e4a3c64"
  dependencies:
    is-buffer "^1.1.5"

lazy-cache@^1.0.3:
  version "1.0.4"
  resolved "https://registry.yarnpkg.com/lazy-cache/-/lazy-cache-1.0.4.tgz#a1d78fc3a50474cb80845d3b3b6e1da49a446e8e"

load-bmfont@^1.3.1, load-bmfont@^1.4.0:
  version "1.4.1"
  resolved "https://registry.yarnpkg.com/load-bmfont/-/load-bmfont-1.4.1.tgz#c0f5f4711a1e2ccff725a7b6078087ccfcddd3e9"
  dependencies:
    buffer-equal "0.0.1"
    mime "^1.3.4"
    parse-bmfont-ascii "^1.0.3"
    parse-bmfont-binary "^1.0.5"
    parse-bmfont-xml "^1.1.4"
    phin "^2.9.1"
    xhr "^2.0.1"
    xtend "^4.0.0"

lodash@^4.17.4:
  version "4.17.20"
  resolved "https://registry.yarnpkg.com/lodash/-/lodash-4.17.20.tgz#b44a9b6297bcb698f1c51a3545a2b3b368d59c52"

longest@^1.0.1:
  version "1.0.1"
  resolved "https://registry.yarnpkg.com/longest/-/longest-1.0.1.tgz#30a0b2da38f73770e8294a0d22e6625ed77d0097"

lru-cache@^4.0.1:
  version "4.1.3"
  resolved "https://registry.yarnpkg.com/lru-cache/-/lru-cache-4.1.3.tgz#a1175cf3496dfc8436c156c334b4955992bce69c"
  dependencies:
    pseudomap "^1.0.2"
    yallist "^2.1.2"

mime@^1.3.4:
  version "1.6.0"
  resolved "https://registry.yarnpkg.com/mime/-/mime-1.6.0.tgz#32cd9e5c64553bd58d19a568af452acff04981b1"

min-document@^2.19.0:
  version "2.19.0"
  resolved "https://registry.yarnpkg.com/min-document/-/min-document-2.19.0.tgz#7bd282e3f5842ed295bb748cdd9f1ffa2c824685"
  dependencies:
    dom-walk "^0.1.0"

minimatch@^3.0.4:
  version "3.0.4"
  resolved "https://registry.yarnpkg.com/minimatch/-/minimatch-3.0.4.tgz#5166e286457f03306064be5497e8dbb0c3d32083"
  dependencies:
    brace-expansion "^1.1.7"

minimist@0.0.8:
  version "0.0.8"
  resolved "https://registry.yarnpkg.com/minimist/-/minimist-0.0.8.tgz#857fcabfc3397d2625b8228262e86aa7a011b05d"

mkdirp@^0.5.1:
  version "0.5.1"
  resolved "https://registry.yarnpkg.com/mkdirp/-/mkdirp-0.5.1.tgz#30057438eac6cf7f8c4767f38648d6697d75c903"
  dependencies:
    minimist "0.0.8"

ms@2.0.0:
  version "2.0.0"
  resolved "https://registry.yarnpkg.com/ms/-/ms-2.0.0.tgz#5608aeadfc00be6c2901df5f9861788de0d597c8"

object-assign@^4.0.1, object-assign@^4.1.0:
  version "4.1.1"
  resolved "https://registry.yarnpkg.com/object-assign/-/object-assign-4.1.1.tgz#2109adc7965887cfc05cbbd442cac8bfbb360863"

omggif@^1.0.10, omggif@^1.0.9:
  version "1.0.10"
  resolved "https://registry.yarnpkg.com/omggif/-/omggif-1.0.10.tgz#ddaaf90d4a42f532e9e7cb3a95ecdd47f17c7b19"

once@^1.3.0:
  version "1.4.0"
  resolved "https://registry.yarnpkg.com/once/-/once-1.4.0.tgz#583b1aa775961d4b113ac17d9c50baef9dd76bd1"
  dependencies:
    wrappy "1"

pako@^1.0.5:
  version "1.0.11"
  resolved "https://registry.yarnpkg.com/pako/-/pako-1.0.11.tgz#6c9599d340d54dfd3946380252a35705a6b992bf"

parse-bmfont-ascii@^1.0.3:
  version "1.0.6"
  resolved "https://registry.yarnpkg.com/parse-bmfont-ascii/-/parse-bmfont-ascii-1.0.6.tgz#11ac3c3ff58f7c2020ab22769079108d4dfa0285"

parse-bmfont-binary@^1.0.5:
  version "1.0.6"
  resolved "https://registry.yarnpkg.com/parse-bmfont-binary/-/parse-bmfont-binary-1.0.6.tgz#d038b476d3e9dd9db1e11a0b0e53a22792b69006"

parse-bmfont-xml@^1.1.4:
  version "1.1.4"
  resolved "https://registry.yarnpkg.com/parse-bmfont-xml/-/parse-bmfont-xml-1.1.4.tgz#015319797e3e12f9e739c4d513872cd2fa35f389"
  dependencies:
    xml-parse-from-string "^1.0.0"
    xml2js "^0.4.5"

parse-headers@^2.0.0:
  version "2.0.3"
  resolved "https://registry.yarnpkg.com/parse-headers/-/parse-headers-2.0.3.tgz#5e8e7512383d140ba02f0c7aa9f49b4399c92515"

path-is-absolute@^1.0.0:
  version "1.0.1"
  resolved "https://registry.yarnpkg.com/path-is-absolute/-/path-is-absolute-1.0.1.tgz#174b9268735534ffbc7ace6bf53a5a9e1b5c5f5f"

path-parse@^1.0.5:
  version "1.0.5"
  resolved "https://registry.yarnpkg.com/path-parse/-/path-parse-1.0.5.tgz#3c1adf871ea9cd6c9431b6ea2bd74a0ff055c4c1"

phin@^2.9.1:
  version "2.9.3"
  resolved "https://registry.yarnpkg.com/phin/-/phin-2.9.3.tgz#f9b6ac10a035636fb65dfc576aaaa17b8743125c"

piexifjs@^1.0.6:
  version "1.0.6"
  resolved "https://registry.yarnpkg.com/piexifjs/-/piexifjs-1.0.6.tgz#883811d73f447218d0d06e9ed7866d04533e59e0"

pixelmatch@^4.0.2:
  version "4.0.2"
  resolved "https://registry.yarnpkg.com/pixelmatch/-/pixelmatch-4.0.2.tgz#8f47dcec5011b477b67db03c243bc1f3085e8854"
  dependencies:
    pngjs "^3.0.0"

pngjs@^3.0.0, pngjs@^3.3.3:
  version "3.4.0"
  resolved "https://registry.yarnpkg.com/pngjs/-/pngjs-3.4.0.tgz#99ca7d725965fb655814eaf65f38f12bbdbf555f"

process@~0.5.1:
  version "0.5.2"
  resolved "https://registry.yarnpkg.com/process/-/process-0.5.2.tgz#1638d8a8e34c2f440a91db95ab9aeb677fc185cf"

promise@^7.0.1:
  version "7.3.1"
  resolved "https://registry.yarnpkg.com/promise/-/promise-7.3.1.tgz#064b72602b18f90f29192b8b1bc418ffd1ebd3bf"
  dependencies:
    asap "~2.0.3"

pseudomap@^1.0.2:
  version "1.0.2"
  resolved "https://registry.yarnpkg.com/pseudomap/-/pseudomap-1.0.2.tgz#f052a28da70e618917ef0a8ac34c1ae5a68286b3"

pug-attrs@^2.0.4:
  version "2.0.4"
  resolved "https://registry.yarnpkg.com/pug-attrs/-/pug-attrs-2.0.4.tgz#b2f44c439e4eb4ad5d4ef25cac20d18ad28cc336"
  dependencies:
    constantinople "^3.0.1"
    js-stringify "^1.0.1"
    pug-runtime "^2.0.5"

pug-code-gen@^2.0.2:
  version "2.0.2"
  resolved "https://registry.yarnpkg.com/pug-code-gen/-/pug-code-gen-2.0.2.tgz#ad0967162aea077dcf787838d94ed14acb0217c2"
  dependencies:
    constantinople "^3.1.2"
    doctypes "^1.1.0"
    js-stringify "^1.0.1"
    pug-attrs "^2.0.4"
    pug-error "^1.3.3"
    pug-runtime "^2.0.5"
    void-elements "^2.0.1"
    with "^5.0.0"

pug-error@^1.3.3:
  version "1.3.3"
  resolved "https://registry.yarnpkg.com/pug-error/-/pug-error-1.3.3.tgz#f342fb008752d58034c185de03602dd9ffe15fa6"

pug-filters@^3.1.1:
  version "3.1.1"
  resolved "https://registry.yarnpkg.com/pug-filters/-/pug-filters-3.1.1.tgz#ab2cc82db9eeccf578bda89130e252a0db026aa7"
  dependencies:
    clean-css "^4.1.11"
    constantinople "^3.0.1"
    jstransformer "1.0.0"
    pug-error "^1.3.3"
    pug-walk "^1.1.8"
    resolve "^1.1.6"
    uglify-js "^2.6.1"

pug-lexer@^4.1.0:
  version "4.1.0"
  resolved "https://registry.yarnpkg.com/pug-lexer/-/pug-lexer-4.1.0.tgz#531cde48c7c0b1fcbbc2b85485c8665e31489cfd"
  dependencies:
    character-parser "^2.1.1"
    is-expression "^3.0.0"
    pug-error "^1.3.3"

pug-linker@^3.0.6:
  version "3.0.6"
  resolved "https://registry.yarnpkg.com/pug-linker/-/pug-linker-3.0.6.tgz#f5bf218b0efd65ce6670f7afc51658d0f82989fb"
  dependencies:
    pug-error "^1.3.3"
    pug-walk "^1.1.8"

pug-load@^2.0.12:
  version "2.0.12"
  resolved "https://registry.yarnpkg.com/pug-load/-/pug-load-2.0.12.tgz#d38c85eb85f6e2f704dea14dcca94144d35d3e7b"
  dependencies:
    object-assign "^4.1.0"
    pug-walk "^1.1.8"

pug-parser@^5.0.1:
  version "5.0.1"
  resolved "https://registry.yarnpkg.com/pug-parser/-/pug-parser-5.0.1.tgz#03e7ada48b6840bd3822f867d7d90f842d0ffdc9"
  dependencies:
    pug-error "^1.3.3"
    token-stream "0.0.1"

pug-runtime@^2.0.5:
  version "2.0.5"
  resolved "https://registry.yarnpkg.com/pug-runtime/-/pug-runtime-2.0.5.tgz#6da7976c36bf22f68e733c359240d8ae7a32953a"

pug-strip-comments@^1.0.4:
  version "1.0.4"
  resolved "https://registry.yarnpkg.com/pug-strip-comments/-/pug-strip-comments-1.0.4.tgz#cc1b6de1f6e8f5931cf02ec66cdffd3f50eaf8a8"
  dependencies:
    pug-error "^1.3.3"

pug-walk@^1.1.8:
  version "1.1.8"
  resolved "https://registry.yarnpkg.com/pug-walk/-/pug-walk-1.1.8.tgz#b408f67f27912f8c21da2f45b7230c4bd2a5ea7a"

pug@^2.0.4:
  version "2.0.4"
  resolved "https://registry.yarnpkg.com/pug/-/pug-2.0.4.tgz#ee7682ec0a60494b38d48a88f05f3b0ac931377d"
  dependencies:
    pug-code-gen "^2.0.2"
    pug-filters "^3.1.1"
    pug-lexer "^4.1.0"
    pug-linker "^3.0.6"
    pug-load "^2.0.12"
    pug-parser "^5.0.1"
    pug-runtime "^2.0.5"
    pug-strip-comments "^1.0.4"

regenerator-runtime@^0.11.0:
  version "0.11.1"
  resolved "https://registry.yarnpkg.com/regenerator-runtime/-/regenerator-runtime-0.11.1.tgz#be05ad7f9bf7d22e056f9726cee5017fbf19e2e9"

regenerator-runtime@^0.13.3, regenerator-runtime@^0.13.4:
  version "0.13.7"
  resolved "https://registry.yarnpkg.com/regenerator-runtime/-/regenerator-runtime-0.13.7.tgz#cac2dacc8a1ea675feaabaeb8ae833898ae46f55"

repeat-string@^1.5.2:
  version "1.6.1"
  resolved "https://registry.yarnpkg.com/repeat-string/-/repeat-string-1.6.1.tgz#8dcae470e1c88abc2d600fff4a776286da75e637"

resolve@^1.1.6:
  version "1.8.1"
  resolved "https://registry.yarnpkg.com/resolve/-/resolve-1.8.1.tgz#82f1ec19a423ac1fbd080b0bab06ba36e84a7a26"
  dependencies:
    path-parse "^1.0.5"

right-align@^0.1.1:
  version "0.1.3"
  resolved "https://registry.yarnpkg.com/right-align/-/right-align-0.1.3.tgz#61339b722fe6a3515689210d24e14c96148613ef"
  dependencies:
    align-text "^0.1.1"

sax@>=0.6.0:
  version "1.2.4"
  resolved "https://registry.yarnpkg.com/sax/-/sax-1.2.4.tgz#2816234e2378bddc4e5354fab5caa895df7100d9"

source-map@0.5.x, source-map@~0.5.1:
  version "0.5.7"
  resolved "https://registry.yarnpkg.com/source-map/-/source-map-0.5.7.tgz#8a039d2d1021d22d1ea14c80d8ea468ba2ef3fcc"

timm@^1.6.1:
  version "1.7.1"
  resolved "https://registry.yarnpkg.com/timm/-/timm-1.7.1.tgz#96bab60c7d45b5a10a8a4d0f0117c6b7e5aff76f"

tinycolor2@^1.4.1:
  version "1.4.2"
  resolved "https://registry.yarnpkg.com/tinycolor2/-/tinycolor2-1.4.2.tgz#3f6a4d1071ad07676d7fa472e1fac40a719d8803"

to-fast-properties@^1.0.3:
  version "1.0.3"
  resolved "https://registry.yarnpkg.com/to-fast-properties/-/to-fast-properties-1.0.3.tgz#b83571fa4d8c25b82e231b06e3a3055de4ca1a47"

token-stream@0.0.1:
  version "0.0.1"
  resolved "https://registry.yarnpkg.com/token-stream/-/token-stream-0.0.1.tgz#ceeefc717a76c4316f126d0b9dbaa55d7e7df01a"

uglify-js@^2.6.1:
  version "2.8.29"
  resolved "https://registry.yarnpkg.com/uglify-js/-/uglify-js-2.8.29.tgz#29c5733148057bb4e1f75df35b7a9cb72e6a59dd"
  dependencies:
    source-map "~0.5.1"
    yargs "~3.10.0"
  optionalDependencies:
    uglify-to-browserify "~1.0.0"

uglify-to-browserify@~1.0.0:
  version "1.0.2"
  resolved "https://registry.yarnpkg.com/uglify-to-browserify/-/uglify-to-browserify-1.0.2.tgz#6e0924d6bda6b5afe349e39a6d632850a0f882b7"

utif@^2.0.1:
  version "2.0.1"
  resolved "https://registry.yarnpkg.com/utif/-/utif-2.0.1.tgz#9e1582d9bbd20011a6588548ed3266298e711759"
  dependencies:
    pako "^1.0.5"

void-elements@^2.0.1:
  version "2.0.1"
  resolved "https://registry.yarnpkg.com/void-elements/-/void-elements-2.0.1.tgz#c066afb582bb1cb4128d60ea92392e94d5e9dbec"

which@^1.2.9:
  version "1.3.1"
  resolved "https://registry.yarnpkg.com/which/-/which-1.3.1.tgz#a45043d54f5805316da8d62f9f50918d3da70b0a"
  dependencies:
    isexe "^2.0.0"

window-size@0.1.0:
  version "0.1.0"
  resolved "https://registry.yarnpkg.com/window-size/-/window-size-0.1.0.tgz#5438cd2ea93b202efa3a19fe8887aee7c94f9c9d"

with@^5.0.0:
  version "5.1.1"
  resolved "https://registry.yarnpkg.com/with/-/with-5.1.1.tgz#fa4daa92daf32c4ea94ed453c81f04686b575dfe"
  dependencies:
    acorn "^3.1.0"
    acorn-globals "^3.0.0"

wordwrap@0.0.2:
  version "0.0.2"
  resolved "https://registry.yarnpkg.com/wordwrap/-/wordwrap-0.0.2.tgz#b79669bb42ecb409f83d583cad52ca17eaa1643f"

wrappy@1:
  version "1.0.2"
  resolved "https://registry.yarnpkg.com/wrappy/-/wrappy-1.0.2.tgz#b5243d8f3ec1aa35f1364605bc0d1036e30ab69f"

xhr@^2.0.1:
  version "2.5.0"
  resolved "https://registry.yarnpkg.com/xhr/-/xhr-2.5.0.tgz#bed8d1676d5ca36108667692b74b316c496e49dd"
  dependencies:
    global "~4.3.0"
    is-function "^1.0.1"
    parse-headers "^2.0.0"
    xtend "^4.0.0"

xml-parse-from-string@^1.0.0:
  version "1.0.1"
  resolved "https://registry.yarnpkg.com/xml-parse-from-string/-/xml-parse-from-string-1.0.1.tgz#a9029e929d3dbcded169f3c6e28238d95a5d5a28"

xml2js@^0.4.5:
  version "0.4.23"
  resolved "https://registry.yarnpkg.com/xml2js/-/xml2js-0.4.23.tgz#a0c69516752421eb2ac758ee4d4ccf58843eac66"
  dependencies:
    sax ">=0.6.0"
    xmlbuilder "~11.0.0"

xmlbuilder@~11.0.0:
  version "11.0.1"
  resolved "https://registry.yarnpkg.com/xmlbuilder/-/xmlbuilder-11.0.1.tgz#be9bae1c8a046e76b31127726347d0ad7002beb3"

xtend@^4.0.0:
  version "4.0.2"
  resolved "https://registry.yarnpkg.com/xtend/-/xtend-4.0.2.tgz#bb72779f5fa465186b1f438f674fa347fdb5db54"

yallist@^2.1.2:
  version "2.1.2"
  resolved "https://registry.yarnpkg.com/yallist/-/yallist-2.1.2.tgz#1c11f9218f076089a47dd512f93c6699a6a81d52"

yargs-parser@^20.2.1:
  version "20.2.3"
  resolved "https://registry.yarnpkg.com/yargs-parser/-/yargs-parser-20.2.3.tgz#92419ba867b858c868acf8bae9bf74af0dd0ce26"

yargs@~3.10.0:
  version "3.10.0"
  resolved "https://registry.yarnpkg.com/yargs/-/yargs-3.10.0.tgz#f7ee7bd857dd7c1d2d38c0e74efbd681d1431fd1"
  dependencies:
    camelcase "^1.0.2"
    cliui "^2.1.0"
    decamelize "^1.0.0"
    window-size "0.1.0"
